{
  "name": "sapui5-ui-task",
  "version": "1.0.0",
  "lockfileVersion": 2,
  "requires": true,
  "packages": {
    "": {
      "name": "sapui5-ui-task",
      "version": "1.0.0",
      "license": "ISC",
      "dependencies": {
        "@openui5/sap.uxap": "^1.71.31"
      }
    },
    "node_modules/@openui5/sap.f": {
      "version": "1.71.31",
      "resolved": "https://registry.npmjs.org/@openui5/sap.f/-/sap.f-1.71.31.tgz",
      "integrity": "sha512-L946Ih/zXStabxpBEmjIwotKcq2a/QHBzbe12b6RfzUUVi9YpoGvbOmrdbkLNcxJwL+nX2JIzJuzFsgo10rvmQ==",
      "dependencies": {
        "@openui5/sap.m": "1.71.31",
        "@openui5/sap.ui.core": "1.71.31",
        "@openui5/sap.ui.layout": "1.71.31"
      }
    },
    "node_modules/@openui5/sap.m": {
      "version": "1.71.31",
      "resolved": "https://registry.npmjs.org/@openui5/sap.m/-/sap.m-1.71.31.tgz",
      "integrity": "sha512-cMg2xyhYKqUmK2/IMJCIkLgPh4PfbWMC7kXVbOVu16GEBHq+YQkKOoDg/pbpqN8I3OcyYiXPVetGR70vBuk/8Q==",
      "dependencies": {
        "@openui5/sap.ui.core": "1.71.31",
        "@openui5/sap.ui.layout": "1.71.31",
        "@openui5/sap.ui.unified": "1.71.31"
      }
    },
    "node_modules/@openui5/sap.ui.core": {
      "version": "1.71.31",
      "resolved": "https://registry.npmjs.org/@openui5/sap.ui.core/-/sap.ui.core-1.71.31.tgz",
      "integrity": "sha512-AUr/BswTLijW+ilEV+iwkVFYheToPf1VRqa5FmBqh0M9NOeNaa/HhkR2CbWAfVMKnk4/K5BTI8p2bQgWWp1dGg=="
    },
    "node_modules/@openui5/sap.ui.layout": {
      "version": "1.71.31",
      "resolved": "https://registry.npmjs.org/@openui5/sap.ui.layout/-/sap.ui.layout-1.71.31.tgz",
      "integrity": "sha512-G1/AnA7AuavedZOeJ3JxME5jt6RWOmC3rBJ8qBGJx2NVJQleBy7kA8l2vVQChmemMpCRLY5STMumL/oOxLwL+Q==",
      "dependencies": {
        "@openui5/sap.ui.core": "1.71.31"
      }
    },
    "node_modules/@openui5/sap.ui.unified": {
      "version": "1.71.31",
      "resolved": "https://registry.npmjs.org/@openui5/sap.ui.unified/-/sap.ui.unified-1.71.31.tgz",
      "integrity": "sha512-iNuyW10/zXEJd+3fS4FGjpxmh2vXyt6w+QPifzOAhFRSsiq+olsSMILdX/Olkl7NvFJkVYdUTPrPSZmfZD5LBA==",
      "dependencies": {
        "@openui5/sap.ui.core": "1.71.31"
      }
    },
    "node_modules/@openui5/sap.uxap": {
      "version": "1.71.31",
      "resolved": "https://registry.npmjs.org/@openui5/sap.uxap/-/sap.uxap-1.71.31.tgz",
      "integrity": "sha512-f+FZlIAF/X8n7K6rUV4AW1Qx13uGfBjCgU8Pgr5cS1pLMnP23NppXdryxO0B/IOWCsfQbg2Zoc9yMevVvs9rlA==",
      "dependencies": {
        "@openui5/sap.f": "1.71.31",
        "@openui5/sap.m": "1.71.31",
        "@openui5/sap.ui.core": "1.71.31",
        "@openui5/sap.ui.layout": "1.71.31"
      }
    }
  },
  "dependencies": {
    "@openui5/sap.f": {
      "version": "1.71.31",
      "resolved": "https://registry.npmjs.org/@openui5/sap.f/-/sap.f-1.71.31.tgz",
      "integrity": "sha512-L946Ih/zXStabxpBEmjIwotKcq2a/QHBzbe12b6RfzUUVi9YpoGvbOmrdbkLNcxJwL+nX2JIzJuzFsgo10rvmQ==",
      "requires": {
        "@openui5/sap.m": "1.71.31",
        "@openui5/sap.ui.core": "1.71.31",
        "@openui5/sap.ui.layout": "1.71.31"
      }
    },
    "@openui5/sap.m": {
      "version": "1.71.31",
      "resolved": "https://registry.npmjs.org/@openui5/sap.m/-/sap.m-1.71.31.tgz",
      "integrity": "sha512-cMg2xyhYKqUmK2/IMJCIkLgPh4PfbWMC7kXVbOVu16GEBHq+YQkKOoDg/pbpqN8I3OcyYiXPVetGR70vBuk/8Q==",
      "requires": {
        "@openui5/sap.ui.core": "1.71.31",
        "@openui5/sap.ui.layout": "1.71.31",
        "@openui5/sap.ui.unified": "1.71.31"
      }
    },
    "@openui5/sap.ui.core": {
      "version": "1.71.31",
      "resolved": "https://registry.npmjs.org/@openui5/sap.ui.core/-/sap.ui.core-1.71.31.tgz",
      "integrity": "sha512-AUr/BswTLijW+ilEV+iwkVFYheToPf1VRqa5FmBqh0M9NOeNaa/HhkR2CbWAfVMKnk4/K5BTI8p2bQgWWp1dGg=="
    },
    "@openui5/sap.ui.layout": {
      "version": "1.71.31",
      "resolved": "https://registry.npmjs.org/@openui5/sap.ui.layout/-/sap.ui.layout-1.71.31.tgz",
      "integrity": "sha512-G1/AnA7AuavedZOeJ3JxME5jt6RWOmC3rBJ8qBGJx2NVJQleBy7kA8l2vVQChmemMpCRLY5STMumL/oOxLwL+Q==",
      "requires": {
        "@openui5/sap.ui.core": "1.71.31"
      }
    },
    "@openui5/sap.ui.unified": {
      "version": "1.71.31",
      "resolved": "https://registry.npmjs.org/@openui5/sap.ui.unified/-/sap.ui.unified-1.71.31.tgz",
      "integrity": "sha512-iNuyW10/zXEJd+3fS4FGjpxmh2vXyt6w+QPifzOAhFRSsiq+olsSMILdX/Olkl7NvFJkVYdUTPrPSZmfZD5LBA==",
      "requires": {
        "@openui5/sap.ui.core": "1.71.31"
      }
    },
    "@openui5/sap.uxap": {
      "version": "1.71.31",
      "resolved": "https://registry.npmjs.org/@openui5/sap.uxap/-/sap.uxap-1.71.31.tgz",
      "integrity": "sha512-f+FZlIAF/X8n7K6rUV4AW1Qx13uGfBjCgU8Pgr5cS1pLMnP23NppXdryxO0B/IOWCsfQbg2Zoc9yMevVvs9rlA==",
      "requires": {
        "@openui5/sap.f": "1.71.31",
        "@openui5/sap.m": "1.71.31",
        "@openui5/sap.ui.core": "1.71.31",
        "@openui5/sap.ui.layout": "1.71.31"
      }
    }
  }
}
